
Microsoft Visual Studio Solution File, Format Version 12.00
# Visual Studio 15
VisualStudioVersion = 15.0.28010.2050
MinimumVisualStudioVersion = 10.0.40219.1
Project("{FAE04EC0-301F-11D3-BF4B-00C04F79EFBC}") = "Vidly", "Vidly\Vidly.csproj", "{C5A857B4-F190-44B9-B3EC-2B890DD65443}"
EndProject
Global
	GlobalSection(SolutionConfigurationPlatforms) = preSolution
		Debug|Any CPU = Debug|Any CPU
		Release|Any CPU = Release|Any CPU
		Testing|Any CPU = Testing|Any CPU
	EndGlobalSection
	GlobalSection(ProjectConfigurationPlatforms) = postSolution
		{C5A857B4-F190-44B9-B3EC-2B890DD65443}.Debug|Any CPU.ActiveCfg = Debug|Any CPU
		{C5A857B4-F190-44B9-B3EC-2B890DD65443}.Debug|Any CPU.Build.0 = Debug|Any CPU
		{C5A857B4-F190-44B9-B3EC-2B890DD65443}.Release|Any CPU.ActiveCfg = Release|Any CPU
		{C5A857B4-F190-44B9-B3EC-2B890DD65443}.Release|Any CPU.Build.0 = Release|Any CPU
		{C5A857B4-F190-44B9-B3EC-2B890DD65443}.Testing|Any CPU.ActiveCfg = Testing|Any CPU
		{C5A857B4-F190-44B9-B3EC-2B890DD65443}.Testing|Any CPU.Build.0 = Testing|Any CPU
	EndGlobalSection
	GlobalSection(SolutionProperties) = preSolution
		HideSolutionNode = FALSE
	EndGlobalSection
	GlobalSection(ExtensibilityGlobals) = postSolution
		SolutionGuid = {BD047DD2-60B1-40A5-B35C-0FF2FA2AD812}
	EndGlobalSection
EndGlobal
